
Microsoft Visual Studio Solution File, Format Version 12.00
Project("{FAE04EC0-301F-11D3-BF4B-00C04F79EFBC}") = "dol.IoT.Models", "src\dol.IoT.Models\dol.IoT.Models.csproj", "{78F462BA-BD40-418A-851B-C5CD8F433004}"
EndProject
Project("{FAE04EC0-301F-11D3-BF4B-00C04F79EFBC}") = "DeserializeUnitTests", "test\DeserializeUnitTests\DeserializeUnitTests.csproj", "{1F0066C8-7FB2-4FFD-82D5-7A33B9D65962}"
EndProject
Global
	GlobalSection(SolutionConfigurationPlatforms) = preSolution
		Debug|Any CPU = Debug|Any CPU
		Release|Any CPU = Release|Any CPU
	EndGlobalSection
	GlobalSection(ProjectConfigurationPlatforms) = postSolution
		{78F462BA-BD40-418A-851B-C5CD8F433004}.Debug|Any CPU.ActiveCfg = Debug|Any CPU
		{78F462BA-BD40-418A-851B-C5CD8F433004}.Debug|Any CPU.Build.0 = Debug|Any CPU
		{78F462BA-BD40-418A-851B-C5CD8F433004}.Release|Any CPU.ActiveCfg = Release|Any CPU
		{78F462BA-BD40-418A-851B-C5CD8F433004}.Release|Any CPU.Build.0 = Release|Any CPU
		{1F0066C8-7FB2-4FFD-82D5-7A33B9D65962}.Debug|Any CPU.ActiveCfg = Debug|Any CPU
		{1F0066C8-7FB2-4FFD-82D5-7A33B9D65962}.Debug|Any CPU.Build.0 = Debug|Any CPU
		{1F0066C8-7FB2-4FFD-82D5-7A33B9D65962}.Release|Any CPU.ActiveCfg = Release|Any CPU
		{1F0066C8-7FB2-4FFD-82D5-7A33B9D65962}.Release|Any CPU.Build.0 = Release|Any CPU
	EndGlobalSection
EndGlobal
